lockfileVersion: '9.0'

settings:
  autoInstallPeers: true
  excludeLinksFromLockfile: false

importers:

  .:
    dependencies:
      prettier:
        specifier: ^3.2.5
        version: 3.2.5
      prettier-plugin-organize-imports:
        specifier: ^3.2.4
        version: 3.2.4(prettier@3.2.5)(typescript@5.4.5)

packages:

  prettier-plugin-organize-imports@3.2.4:
    resolution: {integrity: sha512-6m8WBhIp0dfwu0SkgfOxJqh+HpdyfqSSLfKKRZSFbDuEQXDDndb8fTpRWkUrX/uBenkex3MgnVk0J3b3Y5byog==}
    peerDependencies:
      '@volar/vue-language-plugin-pug': ^1.0.4
      '@volar/vue-typescript': ^1.0.4
      prettier: '>=2.0'
      typescript: '>=2.9'
    peerDependenciesMeta:
      '@volar/vue-language-plugin-pug':
        optional: true
      '@volar/vue-typescript':
        optional: true

  prettier@3.2.5:
    resolution: {integrity: sha512-3/GWa9aOC0YeD7LUfvOG2NiDyhOWRvt1k+rcKhOuYnMY24iiCphgneUfJDyFXd6rZCAnuLBv6UeAULtrhT/F4A==}
    engines: {node: '>=14'}
    hasBin: true

  typescript@5.4.5:
    resolution: {integrity: sha512-vcI4UpRgg81oIRUFwR0WSIHKt11nJ7SAVlYNIu+QpqeyXP+gpQJy/Z4+F0aGxSE4MqwjyXvW/TzgkLAx2AGHwQ==}
    engines: {node: '>=14.17'}
    hasBin: true

snapshots:

  prettier-plugin-organize-imports@3.2.4(prettier@3.2.5)(typescript@5.4.5):
    dependencies:
      prettier: 3.2.5
      typescript: 5.4.5

  prettier@3.2.5: {}

  typescript@5.4.5: {}
